
Microsoft Visual Studio Solution File, Format Version 12.00
# Visual Studio Version 16
VisualStudioVersion = 16.0.32002.261
MinimumVisualStudioVersion = 10.0.40219.1
Project("{FAE04EC0-301F-11D3-BF4B-00C04F79EFBC}") = "IdentityManual", "IdentityManual\IdentityManual.csproj", "{1353698D-FD8E-4178-9E3C-F98BC4B23F10}"
EndProject
Global
	GlobalSection(SolutionConfigurationPlatforms) = preSolution
		Debug|Any CPU = Debug|Any CPU
		Release|Any CPU = Release|Any CPU
	EndGlobalSection
	GlobalSection(ProjectConfigurationPlatforms) = postSolution
		{1353698D-FD8E-4178-9E3C-F98BC4B23F10}.Debug|Any CPU.ActiveCfg = Debug|Any CPU
		{1353698D-FD8E-4178-9E3C-F98BC4B23F10}.Debug|Any CPU.Build.0 = Debug|Any CPU
		{1353698D-FD8E-4178-9E3C-F98BC4B23F10}.Release|Any CPU.ActiveCfg = Release|Any CPU
		{1353698D-FD8E-4178-9E3C-F98BC4B23F10}.Release|Any CPU.Build.0 = Release|Any CPU
	EndGlobalSection
	GlobalSection(SolutionProperties) = preSolution
		HideSolutionNode = FALSE
	EndGlobalSection
	GlobalSection(ExtensibilityGlobals) = postSolution
		SolutionGuid = {29EAB115-4B76-42E4-A6E4-1A10D2E2745A}
	EndGlobalSection
EndGlobal
